
Microsoft Visual Studio Solution File, Format Version 12.00
# Visual Studio Version 17
VisualStudioVersion = 17.14.36518.9 d17.14
MinimumVisualStudioVersion = 10.0.40219.1
Project("{FAE04EC0-301F-11D3-BF4B-00C04F79EFBC}") = "RequestCollectionGenerator", "RequestCollectionGenerator\RequestCollectionGenerator.csproj", "{2BE119BE-7C79-44DC-BE48-53B2F0A5242D}"
EndProject
Global
	GlobalSection(SolutionConfigurationPlatforms) = preSolution
		Debug|Any CPU = Debug|Any CPU
		Release|Any CPU = Release|Any CPU
	EndGlobalSection
	GlobalSection(ProjectConfigurationPlatforms) = postSolution
		{2BE119BE-7C79-44DC-BE48-53B2F0A5242D}.Debug|Any CPU.ActiveCfg = Debug|Any CPU
		{2BE119BE-7C79-44DC-BE48-53B2F0A5242D}.Debug|Any CPU.Build.0 = Debug|Any CPU
		{2BE119BE-7C79-44DC-BE48-53B2F0A5242D}.Release|Any CPU.ActiveCfg = Release|Any CPU
		{2BE119BE-7C79-44DC-BE48-53B2F0A5242D}.Release|Any CPU.Build.0 = Release|Any CPU
	EndGlobalSection
	GlobalSection(SolutionProperties) = preSolution
		HideSolutionNode = FALSE
	EndGlobalSection
	GlobalSection(ExtensibilityGlobals) = postSolution
		SolutionGuid = {C158A714-A29F-4DD2-80E4-25D15DD9CA13}
	EndGlobalSection
EndGlobal
